// !$*UTF8*$!
{
	archiveVersion = 1;
	classes = {
	};
	objectVersion = 46;
	objects = {

/* Begin PBXBuildFile section */
		9B00B4E618FCF34A002FB194 /* Foundation.framework in Frameworks */ = {isa = PBXBuildFile; fileRef = 9B00B4E518FCF34A002FB194 /* Foundation.framework */; };
		9B00B4E818FCF34A002FB194 /* CoreGraphics.framework in Frameworks */ = {isa = PBXBuildFile; fileRef = 9B00B4E718FCF34A002FB194 /* CoreGraphics.framework */; };
		9B00B4EA18FCF34A002FB194 /* UIKit.framework in Frameworks */ = {isa = PBXBuildFile; fileRef = 9B00B4E918FCF34A002FB194 /* UIKit.framework */; };
		9B00B4F018FCF34A002FB194 /* InfoPlist.strings in Resources */ = {isa = PBXBuildFile; fileRef = 9B00B4EE18FCF34A002FB194 /* InfoPlist.strings */; };
		9B00B4F218FCF34A002FB194 /* main.m in Sources */ = {isa = PBXBuildFile; fileRef = 9B00B4F118FCF34A002FB194 /* main.m */; };
		9B00B4F618FCF34A002FB194 /* ggvAppDelegate.m in Sources */ = {isa = PBXBuildFile; fileRef = 9B00B4F518FCF34A002FB194 /* ggvAppDelegate.m */; };
		9B00B4F918FCF34A002FB194 /* Main.storyboard in Resources */ = {isa = PBXBuildFile; fileRef = 9B00B4F718FCF34A002FB194 /* Main.storyboard */; };
		9B00B4FC18FCF34A002FB194 /* ggvViewController.m in Sources */ = {isa = PBXBuildFile; fileRef = 9B00B4FB18FCF34A002FB194 /* ggvViewController.m */; };
		9B00B4FE18FCF34B002FB194 /* Images.xcassets in Resources */ = {isa = PBXBuildFile; fileRef = 9B00B4FD18FCF34B002FB194 /* Images.xcassets */; };
		9B00B50518FCF34B002FB194 /* XCTest.framework in Frameworks */ = {isa = PBXBuildFile; fileRef = 9B00B50418FCF34B002FB194 /* XCTest.framework */; };
		9B00B50618FCF34B002FB194 /* Foundation.framework in Frameworks */ = {isa = PBXBuildFile; fileRef = 9B00B4E518FCF34A002FB194 /* Foundation.framework */; };
		9B00B50718FCF34B002FB194 /* UIKit.framework in Frameworks */ = {isa = PBXBuildFile; fileRef = 9B00B4E918FCF34A002FB194 /* UIKit.framework */; };
		9B00B50F18FCF34B002FB194 /* InfoPlist.strings in Resources */ = {isa = PBXBuildFile; fileRef = 9B00B50D18FCF34B002FB194 /* InfoPlist.strings */; };
		9B00B51118FCF34B002FB194 /* ggvDemoTests.m in Sources */ = {isa = PBXBuildFile; fileRef = 9B00B51018FCF34B002FB194 /* ggvDemoTests.m */; };
/* End PBXBuildFile section */

/* Begin PBXContainerItemProxy section */
		9B00B50818FCF34B002FB194 /* PBXContainerItemProxy */ = {
			isa = PBXContainerItemProxy;
			containerPortal = 9B00B4DA18FCF34A002FB194 /* Project object */;
			proxyType = 1;
			remoteGlobalIDString = 9B00B4E118FCF34A002FB194;
			remoteInfo = ggvDemo;
		};
/* End PBXContainerItemProxy section */

/* Begin PBXFileReference section */
		9B00B4E218FCF34A002FB194 /* ggvDemo.app */ = {isa = PBXFileReference; explicitFileType = wrapper.application; includeInIndex = 0; path = ggvDemo.app; sourceTree = BUILT_PRODUCTS_DIR; };
		9B00B4E518FCF34A002FB194 /* Foundation.framework */ = {isa = PBXFileReference; lastKnownFileType = wrapper.framework; name = Foundation.framework; path = System/Library/Frameworks/Foundation.framework; sourceTree = SDKROOT; };
		9B00B4E718FCF34A002FB194 /* CoreGraphics.framework */ = {isa = PBXFileReference; lastKnownFileType = wrapper.framework; name = CoreGraphics.framework; path = System/Library/Frameworks/CoreGraphics.framework; sourceTree = SDKROOT; };
		9B00B4E918FCF34A002FB194 /* UIKit.framework */ = {isa = PBXFileReference; lastKnownFileType = wrapper.framework; name = UIKit.framework; path = System/Library/Frameworks/UIKit.framework; sourceTree = SDKROOT; };
		9B00B4ED18FCF34A002FB194 /* ggvDemo-Info.plist */ = {isa = PBXFileReference; lastKnownFileType = text.plist.xml; path = "ggvDemo-Info.plist"; sourceTree = "<group>"; };
		9B00B4EF18FCF34A002FB194 /* en */ = {isa = PBXFileReference; lastKnownFileType = text.plist.strings; name = en; path = en.lproj/InfoPlist.strings; sourceTree = "<group>"; };
		9B00B4F118FCF34A002FB194 /* main.m */ = {isa = PBXFileReference; lastKnownFileType = sourcecode.c.objc; path = main.m; sourceTree = "<group>"; };
		9B00B4F318FCF34A002FB194 /* ggvDemo-Prefix.pch */ = {isa = PBXFileReference; lastKnownFileType = sourcecode.c.h; path = "ggvDemo-Prefix.pch"; sourceTree = "<group>"; };
		9B00B4F418FCF34A002FB194 /* ggvAppDelegate.h */ = {isa = PBXFileReference; lastKnownFileType = sourcecode.c.h; path = ggvAppDelegate.h; sourceTree = "<group>"; };
		9B00B4F518FCF34A002FB194 /* ggvAppDelegate.m */ = {isa = PBXFileReference; lastKnownFileType = sourcecode.c.objc; path = ggvAppDelegate.m; sourceTree = "<group>"; };
		9B00B4F818FCF34A002FB194 /* Base */ = {isa = PBXFileReference; lastKnownFileType = file.storyboard; name = Base; path = Base.lproj/Main.storyboard; sourceTree = "<group>"; };
		9B00B4FA18FCF34A002FB194 /* ggvViewController.h */ = {isa = PBXFileReference; lastKnownFileType = sourcecode.c.h; path = ggvViewController.h; sourceTree = "<group>"; };
		9B00B4FB18FCF34A002FB194 /* ggvViewController.m */ = {isa = PBXFileReference; lastKnownFileType = sourcecode.c.objc; path = ggvViewController.m; sourceTree = "<group>"; };
		9B00B4FD18FCF34B002FB194 /* Images.xcassets */ = {isa = PBXFileReference; lastKnownFileType = folder.assetcatalog; path = Images.xcassets; sourceTree = "<group>"; };
		9B00B50318FCF34B002FB194 /* ggvDemoTests.xctest */ = {isa = PBXFileReference; explicitFileType = wrapper.cfbundle; includeInIndex = 0; path = ggvDemoTests.xctest; sourceTree = BUILT_PRODUCTS_DIR; };
		9B00B50418FCF34B002FB194 /* XCTest.framework */ = {isa = PBXFileReference; lastKnownFileType = wrapper.framework; name = XCTest.framework; path = Library/Frameworks/XCTest.framework; sourceTree = DEVELOPER_DIR; };
		9B00B50C18FCF34B002FB194 /* ggvDemoTests-Info.plist */ = {isa = PBXFileReference; lastKnownFileType = text.plist.xml; path = "ggvDemoTests-Info.plist"; sourceTree = "<group>"; };
		9B00B50E18FCF34B002FB194 /* en */ = {isa = PBXFileReference; lastKnownFileType = text.plist.strings; name = en; path = en.lproj/InfoPlist.strings; sourceTree = "<group>"; };
		9B00B51018FCF34B002FB194 /* ggvDemoTests.m */ = {isa = PBXFileReference; lastKnownFileType = sourcecode.c.objc; path = ggvDemoTests.m; sourceTree = "<group>"; };
/* End PBXFileReference section */

/* Begin PBXFrameworksBuildPhase section */
		9B00B4DF18FCF34A002FB194 /* Frameworks */ = {
			isa = PBXFrameworksBuildPhase;
			buildActionMask = 2147483647;
			files = (
				9B00B4E818FCF34A002FB194 /* CoreGraphics.framework in Frameworks */,
				9B00B4EA18FCF34A002FB194 /* UIKit.framework in Frameworks */,
				9B00B4E618FCF34A002FB194 /* Foundation.framework in Frameworks */,
			);
			runOnlyForDeploymentPostprocessing = 0;
		};
		9B00B50018FCF34B002FB194 /* Frameworks */ = {
			isa = PBXFrameworksBuildPhase;
			buildActionMask = 2147483647;
			files = (
				9B00B50518FCF34B002FB194 /* XCTest.framework in Frameworks */,
				9B00B50718FCF34B002FB194 /* UIKit.framework in Frameworks */,
				9B00B50618FCF34B002FB194 /* Foundation.framework in Frameworks */,
			);
			runOnlyForDeploymentPostprocessing = 0;
		};
/* End PBXFrameworksBuildPhase section */

/* Begin PBXGroup section */
		9B00B4D918FCF34A002FB194 = {
			isa = PBXGroup;
			children = (
				9B00B4EB18FCF34A002FB194 /* ggvDemo */,
				9B00B50A18FCF34B002FB194 /* ggvDemoTests */,
				9B00B4E418FCF34A002FB194 /* Frameworks */,
				9B00B4E318FCF34A002FB194 /* Products */,
			);
			sourceTree = "<group>";
		};
		9B00B4E318FCF34A002FB194 /* Products */ = {
			isa = PBXGroup;
			children = (
				9B00B4E218FCF34A002FB194 /* ggvDemo.app */,
				9B00B50318FCF34B002FB194 /* ggvDemoTests.xctest */,
			);
			name = Products;
			sourceTree = "<group>";
		};
		9B00B4E418FCF34A002FB194 /* Frameworks */ = {
			isa = PBXGroup;
			children = (
				9B00B4E518FCF34A002FB194 /* Foundation.framework */,
				9B00B4E718FCF34A002FB194 /* CoreGraphics.framework */,
				9B00B4E918FCF34A002FB194 /* UIKit.framework */,
				9B00B50418FCF34B002FB194 /* XCTest.framework */,
			);
			name = Frameworks;
			sourceTree = "<group>";
		};
		9B00B4EB18FCF34A002FB194 /* ggvDemo */ = {
			isa = PBXGroup;
			children = (
				9B00B4F418FCF34A002FB194 /* ggvAppDelegate.h */,
				9B00B4F518FCF34A002FB194 /* ggvAppDelegate.m */,
				9B00B4F718FCF34A002FB194 /* Main.storyboard */,
				9B00B4FA18FCF34A002FB194 /* ggvViewController.h */,
				9B00B4FB18FCF34A002FB194 /* ggvViewController.m */,
				9B00B4FD18FCF34B002FB194 /* Images.xcassets */,
				9B00B4EC18FCF34A002FB194 /* Supporting Files */,
			);
			path = ggvDemo;
			sourceTree = "<group>";
		};
		9B00B4EC18FCF34A002FB194 /* Supporting Files */ = {
			isa = PBXGroup;
			children = (
				9B00B4ED18FCF34A002FB194 /* ggvDemo-Info.plist */,
				9B00B4EE18FCF34A002FB194 /* InfoPlist.strings */,
				9B00B4F118FCF34A002FB194 /* main.m */,
				9B00B4F318FCF34A002FB194 /* ggvDemo-Prefix.pch */,
			);
			name = "Supporting Files";
			sourceTree = "<group>";
		};
		9B00B50A18FCF34B002FB194 /* ggvDemoTests */ = {
			isa = PBXGroup;
			children = (
				9B00B51018FCF34B002FB194 /* ggvDemoTests.m */,
				9B00B50B18FCF34B002FB194 /* Supporting Files */,
			);
			path = ggvDemoTests;
			sourceTree = "<group>";
		};
		9B00B50B18FCF34B002FB194 /* Supporting Files */ = {
			isa = PBXGroup;
			children = (
				9B00B50C18FCF34B002FB194 /* ggvDemoTests-Info.plist */,
				9B00B50D18FCF34B002FB194 /* InfoPlist.strings */,
			);
			name = "Supporting Files";
			sourceTree = "<group>";
		};
/* End PBXGroup section */

/* Begin PBXNativeTarget section */
		9B00B4E118FCF34A002FB194 /* ggvDemo */ = {
			isa = PBXNativeTarget;
			buildConfigurationList = 9B00B51418FCF34B002FB194 /* Build configuration list for PBXNativeTarget "ggvDemo" */;
			buildPhases = (
				9B00B4DE18FCF34A002FB194 /* Sources */,
				9B00B4DF18FCF34A002FB194 /* Frameworks */,
				9B00B4E018FCF34A002FB194 /* Resources */,
			);
			buildRules = (
			);
			dependencies = (
			);
			name = ggvDemo;
			productName = ggvDemo;
			productReference = 9B00B4E218FCF34A002FB194 /* ggvDemo.app */;
			productType = "com.apple.product-type.application";
		};
		9B00B50218FCF34B002FB194 /* ggvDemoTests */ = {
			isa = PBXNativeTarget;
			buildConfigurationList = 9B00B51718FCF34B002FB194 /* Build configuration list for PBXNativeTarget "ggvDemoTests" */;
			buildPhases = (
				9B00B4FF18FCF34B002FB194 /* Sources */,
				9B00B50018FCF34B002FB194 /* Frameworks */,
				9B00B50118FCF34B002FB194 /* Resources */,
			);
			buildRules = (
			);
			dependencies = (
				9B00B50918FCF34B002FB194 /* PBXTargetDependency */,
			);
			name = ggvDemoTests;
			productName = ggvDemoTests;
			productReference = 9B00B50318FCF34B002FB194 /* ggvDemoTests.xctest */;
			productType = "com.apple.product-type.bundle.unit-test";
		};
/* End PBXNativeTarget section */

/* Begin PBXProject section */
		9B00B4DA18FCF34A002FB194 /* Project object */ = {
			isa = PBXProject;
			attributes = {
				CLASSPREFIX = ggv;
				LastUpgradeCheck = 0510;
				ORGANIZATIONNAME = tchin;
				TargetAttributes = {
					9B00B50218FCF34B002FB194 = {
						TestTargetID = 9B00B4E118FCF34A002FB194;
					};
				};
			};
			buildConfigurationList = 9B00B4DD18FCF34A002FB194 /* Build configuration list for PBXProject "ggvDemo" */;
			compatibilityVersion = "Xcode 3.2";
			developmentRegion = English;
			hasScannedForEncodings = 0;
			knownRegions = (
				en,
				Base,
			);
			mainGroup = 9B00B4D918FCF34A002FB194;
			productRefGroup = 9B00B4E318FCF34A002FB194 /* Products */;
			projectDirPath = "";
			projectRoot = "";
			targets = (
				9B00B4E118FCF34A002FB194 /* ggvDemo */,
				9B00B50218FCF34B002FB194 /* ggvDemoTests */,
			);
		};
/* End PBXProject section */

/* Begin PBXResourcesBuildPhase section */
		9B00B4E018FCF34A002FB194 /* Resources */ = {
			isa = PBXResourcesBuildPhase;
			buildActionMask = 2147483647;
			files = (
				9B00B4FE18FCF34B002FB194 /* Images.xcassets in Resources */,
				9B00B4F018FCF34A002FB194 /* InfoPlist.strings in Resources */,
				9B00B4F918FCF34A002FB194 /* Main.storyboard in Resources */,
			);
			runOnlyForDeploymentPostprocessing = 0;
		};
		9B00B50118FCF34B002FB194 /* Resources */ = {
			isa = PBXResourcesBuildPhase;
			buildActionMask = 2147483647;
			files = (
				9B00B50F18FCF34B002FB194 /* InfoPlist.strings in Resources */,
			);
			runOnlyForDeploymentPostprocessing = 0;
		};
/* End PBXResourcesBuildPhase section */

/* Begin PBXSourcesBuildPhase section */
		9B00B4DE18FCF34A002FB194 /* Sources */ = {
			isa = PBXSourcesBuildPhase;
			buildActionMask = 2147483647;
			files = (
				9B00B4F218FCF34A002FB194 /* main.m in Sources */,
				9B00B4F618FCF34A002FB194 /* ggvAppDelegate.m in Sources */,
				9B00B4FC18FCF34A002FB194 /* ggvViewController.m in Sources */,
			);
			runOnlyForDeploymentPostprocessing = 0;
		};
		9B00B4FF18FCF34B002FB194 /* Sources */ = {
			isa = PBXSourcesBuildPhase;
			buildActionMask = 2147483647;
			files = (
				9B00B51118FCF34B002FB194 /* ggvDemoTests.m in Sources */,
			);
			runOnlyForDeploymentPostprocessing = 0;
		};
/* End PBXSourcesBuildPhase section */

/* Begin PBXTargetDependency section */
		9B00B50918FCF34B002FB194 /* PBXTargetDependency */ = {
			isa = PBXTargetDependency;
			target = 9B00B4E118FCF34A002FB194 /* ggvDemo */;
			targetProxy = 9B00B50818FCF34B002FB194 /* PBXContainerItemProxy */;
		};
/* End PBXTargetDependency section */

/* Begin PBXVariantGroup section */
		9B00B4EE18FCF34A002FB194 /* InfoPlist.strings */ = {
			isa = PBXVariantGroup;
			children = (
				9B00B4EF18FCF34A002FB194 /* en */,
			);
			name = InfoPlist.strings;
			sourceTree = "<group>";
		};
		9B00B4F718FCF34A002FB194 /* Main.storyboard */ = {
			isa = PBXVariantGroup;
			children = (
				9B00B4F818FCF34A002FB194 /* Base */,
			);
			name = Main.storyboard;
			sourceTree = "<group>";
		};
		9B00B50D18FCF34B002FB194 /* InfoPlist.strings */ = {
			isa = PBXVariantGroup;
			children = (
				9B00B50E18FCF34B002FB194 /* en */,
			);
			name = InfoPlist.strings;
			sourceTree = "<group>";
		};
/* End PBXVariantGroup section */

/* Begin XCBuildConfiguration section */
		9B00B51218FCF34B002FB194 /* Debug */ = {
			isa = XCBuildConfiguration;
			buildSettings = {
				ALWAYS_SEARCH_USER_PATHS = NO;
				CLANG_CXX_LANGUAGE_STANDARD = "gnu++0x";
				CLANG_CXX_LIBRARY = "libc++";
				CLANG_ENABLE_MODULES = YES;
				CLANG_ENABLE_OBJC_ARC = YES;
				CLANG_WARN_BOOL_CONVERSION = YES;
				CLANG_WARN_CONSTANT_CONVERSION = YES;
				CLANG_WARN_DIRECT_OBJC_ISA_USAGE = YES_ERROR;
				CLANG_WARN_EMPTY_BODY = YES;
				CLANG_WARN_ENUM_CONVERSION = YES;
				CLANG_WARN_INT_CONVERSION = YES;
				CLANG_WARN_OBJC_ROOT_CLASS = YES_ERROR;
				CLANG_WARN__DUPLICATE_METHOD_MATCH = YES;
				"CODE_SIGN_IDENTITY[sdk=iphoneos*]" = "iPhone Developer";
				COPY_PHASE_STRIP = NO;
				GCC_C_LANGUAGE_STANDARD = gnu99;
				GCC_DYNAMIC_NO_PIC = NO;
				GCC_OPTIMIZATION_LEVEL = 0;
				GCC_PREPROCESSOR_DEFINITIONS = (
					"DEBUG=1",
					"$(inherited)",
				);
				GCC_SYMBOLS_PRIVATE_EXTERN = NO;
				GCC_WARN_64_TO_32_BIT_CONVERSION = YES;
				GCC_WARN_ABOUT_RETURN_TYPE = YES_ERROR;
				GCC_WARN_UNDECLARED_SELECTOR = YES;
				GCC_WARN_UNINITIALIZED_AUTOS = YES_AGGRESSIVE;
				GCC_WARN_UNUSED_FUNCTION = YES;
				GCC_WARN_UNUSED_VARIABLE = YES;
				IPHONEOS_DEPLOYMENT_TARGET = 7.1;
				ONLY_ACTIVE_ARCH = YES;
				SDKROOT = iphoneos;
			};
			name = Debug;
		};
		9B00B51318FCF34B002FB194 /* Release */ = {
			isa = XCBuildConfiguration;
			buildSettings = {
				ALWAYS_SEARCH_USER_PATHS = NO;
				CLANG_CXX_LANGUAGE_STANDARD = "gnu++0x";
				CLANG_CXX_LIBRARY = "libc++";
				CLANG_ENABLE_MODULES = YES;
				CLANG_ENABLE_OBJC_ARC = YES;
				CLANG_WARN_BOOL_CONVERSION = YES;
				CLANG_WARN_CONSTANT_CONVERSION = YES;
				CLANG_WARN_DIRECT_OBJC_ISA_USAGE = YES_ERROR;
				CLANG_WARN_EMPTY_BODY = YES;
				CLANG_WARN_ENUM_CONVERSION = YES;
				CLANG_WARN_INT_CONVERSION = YES;
				CLANG_WARN_OBJC_ROOT_CLASS = YES_ERROR;
				CLANG_WARN__DUPLICATE_METHOD_MATCH = YES;
				"CODE_SIGN_IDENTITY[sdk=iphoneos*]" = "iPhone Developer";
				COPY_PHASE_STRIP = YES;
				ENABLE_NS_ASSERTIONS = NO;
				GCC_C_LANGUAGE_STANDARD = gnu99;
				GCC_WARN_64_TO_32_BIT_CONVERSION = YES;
				GCC_WARN_ABOUT_RETURN_TYPE = YES_ERROR;
				GCC_WARN_UNDECLARED_SELECTOR = YES;
				GCC_WARN_UNINITIALIZED_AUTOS = YES_AGGRESSIVE;
				GCC_WARN_UNUSED_FUNCTION = YES;
				GCC_WARN_UNUSED_VARIABLE = YES;
				IPHONEOS_DEPLOYMENT_TARGET = 7.1;
				SDKROOT = iphoneos;
				VALIDATE_PRODUCT = YES;
			};
			name = Release;
		};
		9B00B51518FCF34B002FB194 /* Debug */ = {
			isa = XCBuildConfiguration;
			buildSettings = {
				ASSETCATALOG_COMPILER_APPICON_NAME = AppIcon;
				ASSETCATALOG_COMPILER_LAUNCHIMAGE_NAME = LaunchImage;
				GCC_PRECOMPILE_PREFIX_HEADER = YES;
				GCC_PREFIX_HEADER = "ggvDemo/ggvDemo-Prefix.pch";
				INFOPLIST_FILE = "ggvDemo/ggvDemo-Info.plist";
				PRODUCT_NAME = "$(TARGET_NAME)";
				WRAPPER_EXTENSION = app;
			};
			name = Debug;
		};
		9B00B51618FCF34B002FB194 /* Release */ = {
			isa = XCBuildConfiguration;
			buildSettings = {
				ASSETCATALOG_COMPILER_APPICON_NAME = AppIcon;
				ASSETCATALOG_COMPILER_LAUNCHIMAGE_NAME = LaunchImage;
				GCC_PRECOMPILE_PREFIX_HEADER = YES;
				GCC_PREFIX_HEADER = "ggvDemo/ggvDemo-Prefix.pch";
				INFOPLIST_FILE = "ggvDemo/ggvDemo-Info.plist";
				PRODUCT_NAME = "$(TARGET_NAME)";
				WRAPPER_EXTENSION = app;
			};
			name = Release;
		};
		9B00B51818FCF34B002FB194 /* Debug */ = {
			isa = XCBuildConfiguration;
			buildSettings = {
				BUNDLE_LOADER = "$(BUILT_PRODUCTS_DIR)/ggvDemo.app/ggvDemo";
				FRAMEWORK_SEARCH_PATHS = (
					"$(SDKROOT)/Developer/Library/Frameworks",
					"$(inherited)",
					"$(DEVELOPER_FRAMEWORKS_DIR)",
				);
				GCC_PRECOMPILE_PREFIX_HEADER = YES;
				GCC_PREFIX_HEADER = "ggvDemo/ggvDemo-Prefix.pch";
				GCC_PREPROCESSOR_DEFINITIONS = (
					"DEBUG=1",
					"$(inherited)",
				);
				INFOPLIST_FILE = "ggvDemoTests/ggvDemoTests-Info.plist";
				PRODUCT_NAME = "$(TARGET_NAME)";
				TEST_HOST = "$(BUNDLE_LOADER)";
				WRAPPER_EXTENSION = xctest;
			};
			name = Debug;
		};
		9B00B51918FCF34B002FB194 /* Release */ = {
			isa = XCBuildConfiguration;
			buildSettings = {
				BUNDLE_LOADER = "$(BUILT_PRODUCTS_DIR)/ggvDemo.app/ggvDemo";
				FRAMEWORK_SEARCH_PATHS = (
					"$(SDKROOT)/Developer/Library/Frameworks",
					"$(inherited)",
					"$(DEVELOPER_FRAMEWORKS_DIR)",
				);
				GCC_PRECOMPILE_PREFIX_HEADER = YES;
				GCC_PREFIX_HEADER = "ggvDemo/ggvDemo-Prefix.pch";
				INFOPLIST_FILE = "ggvDemoTests/ggvDemoTests-Info.plist";
				PRODUCT_NAME = "$(TARGET_NAME)";
				TEST_HOST = "$(BUNDLE_LOADER)";
				WRAPPER_EXTENSION = xctest;
			};
			name = Release;
		};
/* End XCBuildConfiguration section */

/* Begin XCConfigurationList section */
		9B00B4DD18FCF34A002FB194 /* Build configuration list for PBXProject "ggvDemo" */ = {
			isa = XCConfigurationList;
			buildConfigurations = (
				9B00B51218FCF34B002FB194 /* Debug */,
				9B00B51318FCF34B002FB194 /* Release */,
			);
			defaultConfigurationIsVisible = 0;
			defaultConfigurationName = Release;
		};
		9B00B51418FCF34B002FB194 /* Build configuration list for PBXNativeTarget "ggvDemo" */ = {
			isa = XCConfigurationList;
			buildConfigurations = (
				9B00B51518FCF34B002FB194 /* Debug */,
				9B00B51618FCF34B002FB194 /* Release */,
			);
			defaultConfigurationIsVisible = 0;
		};
		9B00B51718FCF34B002FB194 /* Build configuration list for PBXNativeTarget "ggvDemoTests" */ = {
			isa = XCConfigurationList;
			buildConfigurations = (
				9B00B51818FCF34B002FB194 /* Debug */,
				9B00B51918FCF34B002FB194 /* Release */,
			);
			defaultConfigurationIsVisible = 0;
		};
/* End XCConfigurationList section */
	};
	rootObject = 9B00B4DA18FCF34A002FB194 /* Project object */;
}
